<?xml version="1.0" encoding="utf-8"?>
<Project ToolsVersion="4.0" xmlns="http://schemas.microsoft.com/developer/msbuild/2003">
  <ItemGroup>
    <Filter Include="98.Default">
      <UniqueIdentifier>{5f3c6167-6678-4dd1-b7d4-a7cd74d5d329}</UniqueIdentifier>
    </Filter>
    <Filter Include="00.MainApp">
      <UniqueIdentifier>{9fcd2b2f-c177-4938-a9ae-6cb0e410d687}</UniqueIdentifier>
    </Filter>
    <Filter Include="01.Level">
      <UniqueIdentifier>{28f0acbd-42fd-4143-9535-87a4e3d3edcb}</UniqueIdentifier>
    </Filter>
    <Filter Include="01.Level\01.GamePlay">
      <UniqueIdentifier>{f6902ec4-45df-4143-957f-768b715aa613}</UniqueIdentifier>
    </Filter>
    <Filter Include="01.Level\99.Loading">
      <UniqueIdentifier>{0c0144a0-ecc7-460d-9b86-45cf5bfc9172}</UniqueIdentifier>
    </Filter>
    <Filter Include="01.Level\99.Loading\Loader">
      <UniqueIdentifier>{2566a58c-589b-4c41-aebc-e3345774aa11}</UniqueIdentifier>
    </Filter>
    <Filter Include="02.GameObjects">
      <UniqueIdentifier>{7d80b7f9-c12b-4fea-8a94-2eb26b8c0bd6}</UniqueIdentifier>
    </Filter>
    <Filter Include="01.Level\00.Menu">
      <UniqueIdentifier>{8a7da72e-fbb7-4e2e-aa42-5a75bdf86a17}</UniqueIdentifier>
    </Filter>
    <Filter Include="02.GameObjects\99 Camera">
      <UniqueIdentifier>{49bfa067-1c64-4e64-988c-41758848ab25}</UniqueIdentifier>
    </Filter>
    <Filter Include="02.GameObjects\01. Map">
      <UniqueIdentifier>{edefdc45-33f8-443a-878c-12c517405296}</UniqueIdentifier>
    </Filter>
    <Filter Include="02.GameObjects\01. Map\Terrain">
      <UniqueIdentifier>{cefd18b7-2999-4443-8a8d-5bca001e1fa4}</UniqueIdentifier>
    </Filter>
    <Filter Include="02.GameObjects\01. Map\AniObj">
      <UniqueIdentifier>{1f1c455e-f6b9-4f7d-b441-86a755e1473a}</UniqueIdentifier>
    </Filter>
    <Filter Include="02.GameObjects\01. Map\NonAniObj">
      <UniqueIdentifier>{00781e9e-f8ba-4706-944e-30dd2001195b}</UniqueIdentifier>
    </Filter>
    <Filter Include="02.GameObjects\01. Map\Wall">
      <UniqueIdentifier>{904b1528-598e-4fce-a3fa-446eafa2204b}</UniqueIdentifier>
    </Filter>
    <Filter Include="02.GameObjects\02.Item">
      <UniqueIdentifier>{97bd9f6e-047c-4ae6-9a8d-f0f1245d8fad}</UniqueIdentifier>
    </Filter>
    <Filter Include="02.GameObjects\02.Item\WeaPonIcon">
      <UniqueIdentifier>{df8316f9-c884-4df1-b4e5-ce6fb5635cb4}</UniqueIdentifier>
    </Filter>
    <Filter Include="02.GameObjects\04.UI">
      <UniqueIdentifier>{40454579-50bf-4be3-b1f3-b0a8ea89e72c}</UniqueIdentifier>
    </Filter>
    <Filter Include="02.GameObjects\04.UI\Loading">
      <UniqueIdentifier>{5940d87c-4ea6-4528-8e51-5e6814765deb}</UniqueIdentifier>
    </Filter>
    <Filter Include="02.GameObjects\04.UI\PlayerUI">
      <UniqueIdentifier>{d347b102-99ba-45c5-a2ce-234a9a58e045}</UniqueIdentifier>
    </Filter>
    <Filter Include="02.GameObjects\04.UI\Cursor">
      <UniqueIdentifier>{c7717531-c94b-4f53-b4e1-c89c77310c34}</UniqueIdentifier>
    </Filter>
    <Filter Include="02.GameObjects\03.Actor">
      <UniqueIdentifier>{d8508f07-8951-45dc-a9d3-e7f94d4e9d9d}</UniqueIdentifier>
    </Filter>
    <Filter Include="02.GameObjects\03.Actor\Player">
      <UniqueIdentifier>{ca79e80a-f4cb-48b4-9198-3b373697e1a7}</UniqueIdentifier>
    </Filter>
    <Filter Include="02.GameObjects\03.Actor\Monster">
      <UniqueIdentifier>{f7b301fe-14e2-4e27-a9fb-6547af681414}</UniqueIdentifier>
    </Filter>
    <Filter Include="01.Level\01.GamePlay\Stage1">
      <UniqueIdentifier>{97a7f06e-cfc2-47a0-b47d-3e1b418352de}</UniqueIdentifier>
    </Filter>
    <Filter Include="02.GameObjects\01. Map\Sky">
      <UniqueIdentifier>{c21e8047-4c3e-4eb5-8461-1008f3a2dc61}</UniqueIdentifier>
    </Filter>
    <Filter Include="02.GameObjects\04.UI\SpriteTex">
      <UniqueIdentifier>{873bdc97-3a15-42a9-b424-3a0bf3ac582f}</UniqueIdentifier>
    </Filter>
    <Filter Include="02.GameObjects\04.UI\InteractiveUI">
      <UniqueIdentifier>{78f16647-2133-4cc7-a390-87a5586c3dba}</UniqueIdentifier>
    </Filter>
    <Filter Include="02.GameObjects\03.Actor\NPC">
      <UniqueIdentifier>{ae52ede4-97f4-4dae-89e2-f4ee211d33bc}</UniqueIdentifier>
    </Filter>
    <Filter Include="02.GameObjects\03.Actor\NPC\HealthBot">
      <UniqueIdentifier>{aea053b6-84c9-4a1f-bc0e-11df88b50f70}</UniqueIdentifier>
    </Filter>
    <Filter Include="02.GameObjects\03.Actor\NPC\HealthBot\Body">
      <UniqueIdentifier>{776463e0-3f2d-404e-b3a9-648d7cac8a22}</UniqueIdentifier>
    </Filter>
    <Filter Include="02.GameObjects\03.Actor\Bullet">
      <UniqueIdentifier>{7d6916a0-a62e-4b37-8383-3d9704231319}</UniqueIdentifier>
    </Filter>
    <Filter Include="01.Level\01.GamePlay\StageBoss">
      <UniqueIdentifier>{69b3a31f-376a-407e-a01a-91c101f2e151}</UniqueIdentifier>
    </Filter>
    <Filter Include="02.GameObjects\99 Camera\FPV">
      <UniqueIdentifier>{a02db8ca-48d9-4dad-8eaf-a57d37620ecd}</UniqueIdentifier>
    </Filter>
    <Filter Include="02.GameObjects\99 Camera\SceneCam">
      <UniqueIdentifier>{2c0aa120-5eba-4e01-b921-b7fd723506c2}</UniqueIdentifier>
    </Filter>
    <Filter Include="02.GameObjects\04.UI\Boss UI">
      <UniqueIdentifier>{beacd3f3-5428-4154-bca9-83d56edfea3a}</UniqueIdentifier>
    </Filter>
    <Filter Include="02.GameObjects\04.UI\Boss UI\Boss IntroUI">
      <UniqueIdentifier>{85fab227-8d6c-458a-ae53-d03f02920569}</UniqueIdentifier>
    </Filter>
    <Filter Include="02.GameObjects\04.UI\Boss UI\Boss HP">
      <UniqueIdentifier>{3f5e2226-e1ba-4a35-9f72-8935c85aee40}</UniqueIdentifier>
    </Filter>
    <Filter Include="02.GameObjects\05. Effect">
      <UniqueIdentifier>{ac2f6e33-6b24-4d72-bf50-da424bf00c76}</UniqueIdentifier>
    </Filter>
    <Filter Include="02.GameObjects\04.UI\PlayerUI\State">
      <UniqueIdentifier>{33bbb4a7-14ae-45a4-8401-034eb7cc1a23}</UniqueIdentifier>
    </Filter>
    <Filter Include="02.GameObjects\04.UI\PlayerUI\Shooting">
      <UniqueIdentifier>{2810b300-687c-4e3c-834a-8e001329e019}</UniqueIdentifier>
    </Filter>
    <Filter Include="02.GameObjects\03.Actor\Bullet\Player">
      <UniqueIdentifier>{03aa1484-4972-4d10-954f-48035698f265}</UniqueIdentifier>
    </Filter>
    <Filter Include="02.GameObjects\03.Actor\Bullet\NomalMonster">
      <UniqueIdentifier>{f0d97725-4843-467f-90b9-5178f39e1d73}</UniqueIdentifier>
    </Filter>
    <Filter Include="02.GameObjects\03.Actor\Bullet\Boss">
      <UniqueIdentifier>{e59b2bf2-f346-4bd0-a5e9-5c35e7fe2172}</UniqueIdentifier>
    </Filter>
    <Filter Include="02.GameObjects\03.Actor\Bullet\Boss\Berrle">
      <UniqueIdentifier>{8c196b0d-3930-43d4-a24c-84cf07d85e14}</UniqueIdentifier>
    </Filter>
    <Filter Include="02.GameObjects\05. Effect\Shoot">
      <UniqueIdentifier>{2f15e3f3-ad55-47bd-b901-26b4a131c32c}</UniqueIdentifier>
    </Filter>
    <Filter Include="02.GameObjects\03.Actor\Bullet\Boss\ShockWave">
      <UniqueIdentifier>{39c9ab58-c735-4170-a077-6cbdbe47c592}</UniqueIdentifier>
    </Filter>
    <Filter Include="02.GameObjects\03.Actor\Bullet\Boss\Laser">
      <UniqueIdentifier>{72444b90-6979-4007-ba25-d69d87c94671}</UniqueIdentifier>
    </Filter>
    <Filter Include="02.GameObjects\05. Effect\Particle">
      <UniqueIdentifier>{8535d2e8-f356-460a-8ed5-82222297eb58}</UniqueIdentifier>
    </Filter>
    <Filter Include="02.GameObjects\04.UI\Menu">
      <UniqueIdentifier>{e0565434-56fa-4b7c-b7c6-c109cad6c642}</UniqueIdentifier>
    </Filter>
    <Filter Include="01.Level\01.GamePlay\Stage2">
      <UniqueIdentifier>{6896a576-0f2d-45c0-b777-3cfbefe69db8}</UniqueIdentifier>
    </Filter>
    <Filter Include="99.Defines">
      <UniqueIdentifier>{1192db2f-af15-4b8f-bc2a-55009419a294}</UniqueIdentifier>
    </Filter>
    <Filter Include="02.GameObjects\04.UI\Fade">
      <UniqueIdentifier>{d5651fb6-3996-420e-a22d-06221b679f00}</UniqueIdentifier>
    </Filter>
    <Filter Include="97.ShaderFiles">
      <UniqueIdentifier>{e55fed78-457b-41b3-ab8f-bd256190d1a0}</UniqueIdentifier>
    </Filter>
    <Filter Include="02.GameObjects\03.Actor\Monster\02.MecanoBot">
      <UniqueIdentifier>{da0b2d90-f0fe-4c2e-8947-dc98d01f1481}</UniqueIdentifier>
    </Filter>
    <Filter Include="02.GameObjects\03.Actor\Monster\02.MecanoBot\Body">
      <UniqueIdentifier>{3734b442-2bbf-4f17-8bf5-793f60674080}</UniqueIdentifier>
    </Filter>
    <Filter Include="02.GameObjects\03.Actor\Monster\02.MecanoBot\State">
      <UniqueIdentifier>{cb151bb3-3487-410c-8739-3e7fc2f07779}</UniqueIdentifier>
    </Filter>
    <Filter Include="02.GameObjects\03.Actor\Monster\03.GunPawn">
      <UniqueIdentifier>{38c4814b-355d-4a1a-a3e9-99db99392428}</UniqueIdentifier>
    </Filter>
    <Filter Include="02.GameObjects\03.Actor\Monster\03.GunPawn\Body">
      <UniqueIdentifier>{f985c137-4d68-46a0-9cf9-e696677d55ba}</UniqueIdentifier>
    </Filter>
    <Filter Include="02.GameObjects\03.Actor\Monster\03.GunPawn\State">
      <UniqueIdentifier>{9ac50337-93a1-49a9-a1ff-550623ec7e55}</UniqueIdentifier>
    </Filter>
    <Filter Include="02.GameObjects\03.Actor\Monster\04.JetFly">
      <UniqueIdentifier>{72c149fe-d61e-4db9-bda3-070b7a27b561}</UniqueIdentifier>
    </Filter>
    <Filter Include="02.GameObjects\03.Actor\Monster\04.JetFly\Body">
      <UniqueIdentifier>{68706e6c-4bc6-458e-a9be-36ef4f867cfb}</UniqueIdentifier>
    </Filter>
    <Filter Include="02.GameObjects\03.Actor\Monster\01.BoomBot">
      <UniqueIdentifier>{bd243b8e-af26-4dab-a993-74e9e0845e54}</UniqueIdentifier>
    </Filter>
    <Filter Include="02.GameObjects\03.Actor\Monster\01.BoomBot\Body">
      <UniqueIdentifier>{57a3b578-378c-4374-8b18-59d88a08d3fb}</UniqueIdentifier>
    </Filter>
    <Filter Include="02.GameObjects\03.Actor\Monster\01.BoomBot\State">
      <UniqueIdentifier>{af3122c3-4ce0-48a5-813c-619d644fc159}</UniqueIdentifier>
    </Filter>
    <Filter Include="02.GameObjects\03.Actor\Monster\04.JetFly\State">
      <UniqueIdentifier>{1728ee3c-40f2-4b35-bb3a-7c4ec6d6f0ca}</UniqueIdentifier>
    </Filter>
    <Filter Include="02.GameObjects\03.Actor\Monster\05.Boss">
      <UniqueIdentifier>{99d8ddec-d756-4a55-9528-fc55e0a5e88b}</UniqueIdentifier>
    </Filter>
    <Filter Include="02.GameObjects\03.Actor\Monster\05.Boss\Body">
      <UniqueIdentifier>{f2fd4784-5a7b-49c6-bb25-587d96ebf4ad}</UniqueIdentifier>
    </Filter>
    <Filter Include="02.GameObjects\03.Actor\Monster\05.Boss\State">
      <UniqueIdentifier>{86109062-672c-4181-ab0a-8299cbdaa565}</UniqueIdentifier>
    </Filter>
    <Filter Include="02.GameObjects\03.Actor\Monster\00.Defult">
      <UniqueIdentifier>{f3ca7d39-20fe-4521-8768-6c634d6d504f}</UniqueIdentifier>
    </Filter>
    <Filter Include="02.GameObjects\03.Actor\Monster\00.Defult\MonsterHP">
      <UniqueIdentifier>{4933a1e9-3351-425e-acf7-f5b4ba58b32b}</UniqueIdentifier>
    </Filter>
    <Filter Include="02.GameObjects\03.Actor\Monster\00.Defult\StateMachine">
      <UniqueIdentifier>{f18303a1-d420-4926-b7c0-e84dfa504cfd}</UniqueIdentifier>
    </Filter>
    <Filter Include="02.GameObjects\03.Actor\Monster\00.Defult\StateMachine\Node">
      <UniqueIdentifier>{10b44afc-99ed-4f2f-8c31-3e16a3702336}</UniqueIdentifier>
    </Filter>
    <Filter Include="02.GameObjects\03.Actor\Player\00.Defult">
      <UniqueIdentifier>{a9c19ce8-be75-4340-970a-dd107403a9eb}</UniqueIdentifier>
    </Filter>
    <Filter Include="02.GameObjects\03.Actor\Player\00.Defult\Node">
      <UniqueIdentifier>{e1f9d1aa-87ee-45c2-8aba-c27ea9d7e37a}</UniqueIdentifier>
    </Filter>
    <Filter Include="02.GameObjects\03.Actor\Player\01.Body">
      <UniqueIdentifier>{b3714dd1-c571-4890-bb9a-37830a175434}</UniqueIdentifier>
    </Filter>
    <Filter Include="02.GameObjects\03.Actor\Player\02.Weapon">
      <UniqueIdentifier>{d63ee020-c2aa-4e09-aecf-49b601153227}</UniqueIdentifier>
    </Filter>
    <Filter Include="02.GameObjects\03.Actor\Player\03.State">
      <UniqueIdentifier>{c8c07a10-2c5c-48d6-8772-85e5ca12132c}</UniqueIdentifier>
    </Filter>
  </ItemGroup>
  <ItemGroup>
    <Text Include="ReadMe.txt" />
  </ItemGroup>
  <ItemGroup>
    <ClInclude Include="Client.h">
      <Filter>98.Default</Filter>
    </ClInclude>
    <ClInclude Include="Resource.h">
      <Filter>98.Default</Filter>
    </ClInclude>
    <ClInclude Include="stdafx.h">
      <Filter>98.Default</Filter>
    </ClInclude>
    <ClInclude Include="targetver.h">
      <Filter>98.Default</Filter>
    </ClInclude>
    <ClInclude Include="..\public\MainApp.h">
      <Filter>00.MainApp</Filter>
    </ClInclude>
    <ClInclude Include="..\Public\Client_Defines.h">
      <Filter>99.Defines</Filter>
    </ClInclude>
    <ClInclude Include="..\Public\Level_Loading.h">
      <Filter>01.Level\99.Loading</Filter>
    </ClInclude>
    <ClInclude Include="..\Public\Level_Menu.h">
      <Filter>01.Level\00.Menu</Filter>
    </ClInclude>
    <ClInclude Include="..\Public\Menu.h">
      <Filter>02.GameObjects\04.UI\Menu</Filter>
    </ClInclude>
    <ClInclude Include="..\Public\Loading.h">
      <Filter>02.GameObjects\04.UI\Loading</Filter>
    </ClInclude>
    <ClInclude Include="..\Public\PlayerUI.h">
      <Filter>02.GameObjects\04.UI\PlayerUI</Filter>
    </ClInclude>
    <ClInclude Include="..\Public\Cursor.h">
      <Filter>02.GameObjects\04.UI\Cursor</Filter>
    </ClInclude>
    <ClInclude Include="..\Public\Terrain.h">
      <Filter>02.GameObjects\01. Map\Terrain</Filter>
    </ClInclude>
    <ClInclude Include="..\Public\DOOR.h">
      <Filter>02.GameObjects\01. Map\AniObj</Filter>
    </ClInclude>
    <ClInclude Include="..\Public\Wall.h">
      <Filter>02.GameObjects\01. Map\Wall</Filter>
    </ClInclude>
    <ClInclude Include="..\Public\NonAniObj.h">
      <Filter>02.GameObjects\01. Map\NonAniObj</Filter>
    </ClInclude>
    <ClInclude Include="..\Public\CHEST.h">
      <Filter>02.GameObjects\01. Map\AniObj</Filter>
    </ClInclude>
    <ClInclude Include="..\Public\Body_Player.h">
      <Filter>02.GameObjects\03.Actor\Player\01.Body</Filter>
    </ClInclude>
    <ClInclude Include="..\Public\Player.h">
      <Filter>02.GameObjects\03.Actor\Player</Filter>
    </ClInclude>
    <ClInclude Include="..\Public\Weapon.h">
      <Filter>02.GameObjects\03.Actor\Player\02.Weapon</Filter>
    </ClInclude>
    <ClInclude Include="..\Public\WeaponUI.h">
      <Filter>02.GameObjects\04.UI\PlayerUI</Filter>
    </ClInclude>
    <ClInclude Include="..\Public\WeaPonIcon.h">
      <Filter>02.GameObjects\02.Item\WeaPonIcon</Filter>
    </ClInclude>
    <ClInclude Include="..\Public\Body_GunPawn.h">
      <Filter>02.GameObjects\03.Actor\Monster\03.GunPawn\Body</Filter>
    </ClInclude>
    <ClInclude Include="..\Public\Level_Stage1.h">
      <Filter>01.Level\01.GamePlay\Stage1</Filter>
    </ClInclude>
    <ClInclude Include="..\Public\Level_Stage2.h">
      <Filter>01.Level\01.GamePlay\Stage2</Filter>
    </ClInclude>
    <ClInclude Include="..\Public\Sky.h">
      <Filter>02.GameObjects\01. Map\Sky</Filter>
    </ClInclude>
    <ClInclude Include="..\Public\SpriteTexture.h">
      <Filter>02.GameObjects\04.UI\SpriteTex</Filter>
    </ClInclude>
    <ClInclude Include="..\Public\Aim.h">
      <Filter>02.GameObjects\04.UI\PlayerUI</Filter>
    </ClInclude>
    <ClInclude Include="..\Public\JetFly.h">
      <Filter>02.GameObjects\03.Actor\Monster\04.JetFly</Filter>
    </ClInclude>
    <ClInclude Include="..\Public\Body_JetFly.h">
      <Filter>02.GameObjects\03.Actor\Monster\04.JetFly\Body</Filter>
    </ClInclude>
    <ClInclude Include="..\Public\BoomBot.h">
      <Filter>02.GameObjects\03.Actor\Monster\01.BoomBot</Filter>
    </ClInclude>
    <ClInclude Include="..\Public\Body_BoomBot.h">
      <Filter>02.GameObjects\03.Actor\Monster\01.BoomBot\Body</Filter>
    </ClInclude>
    <ClInclude Include="..\Public\InteractiveUI.h">
      <Filter>02.GameObjects\04.UI\InteractiveUI</Filter>
    </ClInclude>
    <ClInclude Include="..\Public\HealthBot.h">
      <Filter>02.GameObjects\03.Actor\NPC\HealthBot</Filter>
    </ClInclude>
    <ClInclude Include="..\Public\MonsterHP.h">
      <Filter>02.GameObjects\03.Actor\Monster\00.Defult\MonsterHP</Filter>
    </ClInclude>
    <ClInclude Include="..\Public\GunPawn.h">
      <Filter>02.GameObjects\03.Actor\Monster\03.GunPawn</Filter>
    </ClInclude>
    <ClInclude Include="..\Public\Body_HealthBot.h">
      <Filter>02.GameObjects\03.Actor\NPC\HealthBot\Body</Filter>
    </ClInclude>
    <ClInclude Include="..\Public\MecanoBot.h">
      <Filter>02.GameObjects\03.Actor\Monster\02.MecanoBot</Filter>
    </ClInclude>
    <ClInclude Include="..\Public\Body_MecanoBot.h">
      <Filter>02.GameObjects\03.Actor\Monster\02.MecanoBot\Body</Filter>
    </ClInclude>
    <ClInclude Include="..\Public\Level_StageBoss.h">
      <Filter>01.Level\01.GamePlay\StageBoss</Filter>
    </ClInclude>
    <ClInclude Include="..\Public\Body_BillyBoom.h">
      <Filter>02.GameObjects\03.Actor\Monster\05.Boss\Body</Filter>
    </ClInclude>
    <ClInclude Include="..\Public\Camera_Free.h">
      <Filter>02.GameObjects\99 Camera\FPV</Filter>
    </ClInclude>
    <ClInclude Include="..\Public\SceneCamera.h">
      <Filter>02.GameObjects\99 Camera\SceneCam</Filter>
    </ClInclude>
    <ClInclude Include="..\Public\BossIntroBG.h">
      <Filter>02.GameObjects\04.UI\Boss UI\Boss IntroUI</Filter>
    </ClInclude>
    <ClInclude Include="..\Public\BossHP.h">
      <Filter>02.GameObjects\04.UI\Boss UI\Boss HP</Filter>
    </ClInclude>
    <ClInclude Include="..\Public\BillyBoom.h">
      <Filter>02.GameObjects\03.Actor\Monster\05.Boss</Filter>
    </ClInclude>
    <ClInclude Include="..\Public\Loader.h">
      <Filter>01.Level\99.Loading\Loader</Filter>
    </ClInclude>
    <ClInclude Include="..\Public\PlayerEffectUI.h">
      <Filter>02.GameObjects\04.UI\PlayerUI\State</Filter>
    </ClInclude>
    <ClInclude Include="..\Public\ShootingUI.h">
      <Filter>02.GameObjects\04.UI\PlayerUI\Shooting</Filter>
    </ClInclude>
    <ClInclude Include="..\Public\PlayerBullet.h">
      <Filter>02.GameObjects\03.Actor\Bullet\Player</Filter>
    </ClInclude>
    <ClInclude Include="..\Public\Bullet.h">
      <Filter>02.GameObjects\03.Actor\Bullet\NomalMonster</Filter>
    </ClInclude>
    <ClInclude Include="..\Public\ShootEffect.h">
      <Filter>02.GameObjects\05. Effect\Shoot</Filter>
    </ClInclude>
    <ClInclude Include="..\Public\ShockWave.h">
      <Filter>02.GameObjects\03.Actor\Bullet\Boss\ShockWave</Filter>
    </ClInclude>
    <ClInclude Include="..\Public\BossBullet_Berrle.h">
      <Filter>02.GameObjects\03.Actor\Bullet\Boss\Berrle</Filter>
    </ClInclude>
    <ClInclude Include="..\Public\Shock.h">
      <Filter>02.GameObjects\03.Actor\Bullet\Boss\ShockWave</Filter>
    </ClInclude>
    <ClInclude Include="..\Public\BossBullet_Laser.h">
      <Filter>02.GameObjects\03.Actor\Bullet\Boss\Laser</Filter>
    </ClInclude>
    <ClInclude Include="..\Public\Particle_Explosion.h">
      <Filter>02.GameObjects\05. Effect\Particle</Filter>
    </ClInclude>
    <ClInclude Include="..\Public\Fade.h">
      <Filter>02.GameObjects\04.UI\Fade</Filter>
    </ClInclude>
    <ClInclude Include="..\Public\StateNode.h">
      <Filter>02.GameObjects\03.Actor\Monster\00.Defult\StateMachine\Node</Filter>
    </ClInclude>
    <ClInclude Include="..\Public\StateMachine.h">
      <Filter>02.GameObjects\03.Actor\Monster\00.Defult\StateMachine</Filter>
    </ClInclude>
    <ClInclude Include="..\Public\BoomBot_Attack.h">
      <Filter>02.GameObjects\03.Actor\Monster\01.BoomBot\State</Filter>
    </ClInclude>
    <ClInclude Include="..\Public\BoomBot_Idle.h">
      <Filter>02.GameObjects\03.Actor\Monster\01.BoomBot\State</Filter>
    </ClInclude>
    <ClInclude Include="..\Public\BoomBot_Move.h">
      <Filter>02.GameObjects\03.Actor\Monster\01.BoomBot\State</Filter>
    </ClInclude>
    <ClInclude Include="..\Public\BoomBot_Dead.h">
      <Filter>02.GameObjects\03.Actor\Monster\01.BoomBot\State</Filter>
    </ClInclude>
    <ClInclude Include="..\Public\BoomBot_Hit.h">
      <Filter>02.GameObjects\03.Actor\Monster\01.BoomBot\State</Filter>
    </ClInclude>
    <ClInclude Include="..\Public\Monster.h">
      <Filter>02.GameObjects\03.Actor\Monster\00.Defult</Filter>
    </ClInclude>
    <ClInclude Include="..\Public\MecanoBot_Idle.h">
      <Filter>02.GameObjects\03.Actor\Monster\02.MecanoBot\State</Filter>
    </ClInclude>
    <ClInclude Include="..\Public\MecanoBot_Hit.h">
      <Filter>02.GameObjects\03.Actor\Monster\02.MecanoBot\State</Filter>
    </ClInclude>
    <ClInclude Include="..\Public\MecanoBot_Dead.h">
      <Filter>02.GameObjects\03.Actor\Monster\02.MecanoBot\State</Filter>
    </ClInclude>
    <ClInclude Include="..\Public\MecanoBot_Attack.h">
      <Filter>02.GameObjects\03.Actor\Monster\02.MecanoBot\State</Filter>
    </ClInclude>
    <ClInclude Include="..\Public\MecanoBot_Move.h">
      <Filter>02.GameObjects\03.Actor\Monster\02.MecanoBot\State</Filter>
    </ClInclude>
    <ClInclude Include="..\Public\GunPawn_Idle.h">
      <Filter>02.GameObjects\03.Actor\Monster\03.GunPawn\State</Filter>
    </ClInclude>
    <ClInclude Include="..\Public\GunPawn_Hit.h">
      <Filter>02.GameObjects\03.Actor\Monster\03.GunPawn\State</Filter>
    </ClInclude>
    <ClInclude Include="..\Public\GunPawn_Dead.h">
      <Filter>02.GameObjects\03.Actor\Monster\03.GunPawn\State</Filter>
    </ClInclude>
    <ClInclude Include="..\Public\GunPawn_Attack.h">
      <Filter>02.GameObjects\03.Actor\Monster\03.GunPawn\State</Filter>
    </ClInclude>
    <ClInclude Include="..\Public\GunPawn_Move.h">
      <Filter>02.GameObjects\03.Actor\Monster\03.GunPawn\State</Filter>
    </ClInclude>
    <ClInclude Include="..\Public\JetFly_Idle.h">
      <Filter>02.GameObjects\03.Actor\Monster\04.JetFly\State</Filter>
    </ClInclude>
    <ClInclude Include="..\Public\JetFly_Hit.h">
      <Filter>02.GameObjects\03.Actor\Monster\04.JetFly\State</Filter>
    </ClInclude>
    <ClInclude Include="..\Public\JetFly_Dead.h">
      <Filter>02.GameObjects\03.Actor\Monster\04.JetFly\State</Filter>
    </ClInclude>
    <ClInclude Include="..\Public\JetFly_Attack.h">
      <Filter>02.GameObjects\03.Actor\Monster\04.JetFly\State</Filter>
    </ClInclude>
    <ClInclude Include="..\Public\JetFly_Move.h">
      <Filter>02.GameObjects\03.Actor\Monster\04.JetFly\State</Filter>
    </ClInclude>
    <ClInclude Include="..\Public\BillyBoom_Idle.h">
      <Filter>02.GameObjects\03.Actor\Monster\05.Boss\State</Filter>
    </ClInclude>
    <ClInclude Include="..\Public\BillyBoom_Hit.h">
      <Filter>02.GameObjects\03.Actor\Monster\05.Boss\State</Filter>
    </ClInclude>
    <ClInclude Include="..\Public\BillyBoom_Dead.h">
      <Filter>02.GameObjects\03.Actor\Monster\05.Boss\State</Filter>
    </ClInclude>
    <ClInclude Include="..\Public\BillyBoom_Barre.h">
      <Filter>02.GameObjects\03.Actor\Monster\05.Boss\State</Filter>
    </ClInclude>
    <ClInclude Include="..\Public\BillyBoom_Bash.h">
      <Filter>02.GameObjects\03.Actor\Monster\05.Boss\State</Filter>
    </ClInclude>
    <ClInclude Include="..\Public\BillyBoom_ShockWave.h">
      <Filter>02.GameObjects\03.Actor\Monster\05.Boss\State</Filter>
    </ClInclude>
    <ClInclude Include="..\Public\BillyBoom_Laser.h">
      <Filter>02.GameObjects\03.Actor\Monster\05.Boss\State</Filter>
    </ClInclude>
    <ClInclude Include="..\Public\BillyBoom_Intro.h">
      <Filter>02.GameObjects\03.Actor\Monster\05.Boss\State</Filter>
    </ClInclude>
    <ClInclude Include="..\Public\BillyBoom_Move.h">
      <Filter>02.GameObjects\03.Actor\Monster\05.Boss\State</Filter>
    </ClInclude>
    <ClInclude Include="..\Public\Player_StateMachine.h">
      <Filter>02.GameObjects\03.Actor\Player\00.Defult</Filter>
    </ClInclude>
    <ClInclude Include="..\Public\Player_StateNode.h">
      <Filter>02.GameObjects\03.Actor\Player\00.Defult\Node</Filter>
    </ClInclude>
    <ClInclude Include="..\Public\Player_Idle.h">
      <Filter>02.GameObjects\03.Actor\Player\03.State</Filter>
    </ClInclude>
    <ClInclude Include="..\Public\Player_Swich.h">
      <Filter>02.GameObjects\03.Actor\Player\03.State</Filter>
    </ClInclude>
    <ClInclude Include="..\Public\Player_Reload.h">
      <Filter>02.GameObjects\03.Actor\Player\03.State</Filter>
    </ClInclude>
    <ClInclude Include="..\Public\Player_Shoot.h">
      <Filter>02.GameObjects\03.Actor\Player\03.State</Filter>
    </ClInclude>
    <ClInclude Include="..\Public\Player_Run.h">
      <Filter>02.GameObjects\03.Actor\Player\03.State</Filter>
    </ClInclude>
    <ClInclude Include="..\Public\Player_Sprint.h">
      <Filter>02.GameObjects\03.Actor\Player\03.State</Filter>
    </ClInclude>
    <ClInclude Include="..\Public\Player_Jump.h">
      <Filter>02.GameObjects\03.Actor\Player\03.State</Filter>
    </ClInclude>
    <ClInclude Include="..\Public\Player_Hit.h">
      <Filter>02.GameObjects\03.Actor\Player\03.State</Filter>
    </ClInclude>
  </ItemGroup>
  <ItemGroup>
    <ClCompile Include="Client.cpp">
      <Filter>98.Default</Filter>
    </ClCompile>
    <ClCompile Include="stdafx.cpp">
      <Filter>98.Default</Filter>
    </ClCompile>
    <ClCompile Include="..\private\MainApp.cpp">
      <Filter>00.MainApp</Filter>
    </ClCompile>
    <ClCompile Include="..\Private\Level_Loading.cpp">
      <Filter>01.Level\99.Loading</Filter>
    </ClCompile>
    <ClCompile Include="..\Private\Level_Menu.cpp">
      <Filter>01.Level\00.Menu</Filter>
    </ClCompile>
    <ClCompile Include="..\Private\Loader.cpp">
      <Filter>01.Level\99.Loading\Loader</Filter>
    </ClCompile>
    <ClCompile Include="..\Private\Menu.cpp">
      <Filter>02.GameObjects\04.UI\Menu</Filter>
    </ClCompile>
    <ClCompile Include="..\Private\Loading.cpp">
      <Filter>02.GameObjects\04.UI\Loading</Filter>
    </ClCompile>
    <ClCompile Include="..\Private\PlayerUI.cpp">
      <Filter>02.GameObjects\04.UI\PlayerUI</Filter>
    </ClCompile>
    <ClCompile Include="..\Private\Cursor.cpp">
      <Filter>02.GameObjects\04.UI\Cursor</Filter>
    </ClCompile>
    <ClCompile Include="..\Private\Terrain.cpp">
      <Filter>02.GameObjects\01. Map\Terrain</Filter>
    </ClCompile>
    <ClCompile Include="..\Private\NonAniObj.cpp">
      <Filter>02.GameObjects\01. Map\NonAniObj</Filter>
    </ClCompile>
    <ClCompile Include="..\Private\Wall.cpp">
      <Filter>02.GameObjects\01. Map\Wall</Filter>
    </ClCompile>
    <ClCompile Include="..\Private\DOOR.cpp">
      <Filter>02.GameObjects\01. Map\AniObj</Filter>
    </ClCompile>
    <ClCompile Include="..\Private\CHEST.cpp">
      <Filter>02.GameObjects\01. Map\AniObj</Filter>
    </ClCompile>
    <ClCompile Include="..\Private\Body_Player.cpp">
      <Filter>02.GameObjects\03.Actor\Player\01.Body</Filter>
    </ClCompile>
    <ClCompile Include="..\Private\Weapon.cpp">
      <Filter>02.GameObjects\03.Actor\Player\02.Weapon</Filter>
    </ClCompile>
    <ClCompile Include="..\Private\Player.cpp">
      <Filter>02.GameObjects\03.Actor\Player</Filter>
    </ClCompile>
    <ClCompile Include="..\Private\WeaponUI.cpp">
      <Filter>02.GameObjects\04.UI\PlayerUI</Filter>
    </ClCompile>
    <ClCompile Include="..\Private\WeaPonIcon.cpp">
      <Filter>02.GameObjects\02.Item\WeaPonIcon</Filter>
    </ClCompile>
    <ClCompile Include="..\Private\Body_GunPawn.cpp">
      <Filter>02.GameObjects\03.Actor\Monster\03.GunPawn\Body</Filter>
    </ClCompile>
    <ClCompile Include="..\Private\GunPawn.cpp">
      <Filter>02.GameObjects\03.Actor\Monster\03.GunPawn</Filter>
    </ClCompile>
    <ClCompile Include="..\Private\Level_Stage1.cpp">
      <Filter>01.Level\01.GamePlay\Stage1</Filter>
    </ClCompile>
    <ClCompile Include="..\Private\Level_Stage2.cpp">
      <Filter>01.Level\01.GamePlay\Stage2</Filter>
    </ClCompile>
    <ClCompile Include="..\Private\Sky.cpp">
      <Filter>02.GameObjects\01. Map\Sky</Filter>
    </ClCompile>
    <ClCompile Include="..\Private\SpriteTexture.cpp">
      <Filter>02.GameObjects\04.UI\SpriteTex</Filter>
    </ClCompile>
    <ClCompile Include="..\Private\Aim.cpp">
      <Filter>02.GameObjects\04.UI\PlayerUI</Filter>
    </ClCompile>
    <ClCompile Include="..\Private\Body_JetFly.cpp">
      <Filter>02.GameObjects\03.Actor\Monster\04.JetFly\Body</Filter>
    </ClCompile>
    <ClCompile Include="..\Private\BoomBot.cpp">
      <Filter>02.GameObjects\03.Actor\Monster\01.BoomBot</Filter>
    </ClCompile>
    <ClCompile Include="..\Private\Body_BoomBot.cpp">
      <Filter>02.GameObjects\03.Actor\Monster\01.BoomBot\Body</Filter>
    </ClCompile>
    <ClCompile Include="..\Private\InteractiveUI.cpp">
      <Filter>02.GameObjects\04.UI\InteractiveUI</Filter>
    </ClCompile>
    <ClCompile Include="..\Private\HealthBot.cpp">
      <Filter>02.GameObjects\03.Actor\NPC\HealthBot</Filter>
    </ClCompile>
    <ClCompile Include="..\Private\Body_HealthBot.cpp">
      <Filter>02.GameObjects\03.Actor\NPC\HealthBot\Body</Filter>
    </ClCompile>
    <ClCompile Include="..\Private\MonsterHP.cpp">
      <Filter>02.GameObjects\03.Actor\Monster\00.Defult\MonsterHP</Filter>
    </ClCompile>
    <ClCompile Include="..\Private\MecanoBot.cpp">
      <Filter>02.GameObjects\03.Actor\Monster\02.MecanoBot</Filter>
    </ClCompile>
    <ClCompile Include="..\Private\Body_MecanoBot.cpp">
      <Filter>02.GameObjects\03.Actor\Monster\02.MecanoBot\Body</Filter>
    </ClCompile>
    <ClCompile Include="..\Private\Level_StageBoss.cpp">
      <Filter>01.Level\01.GamePlay\StageBoss</Filter>
    </ClCompile>
    <ClCompile Include="..\Private\Body_BillyBoom.cpp">
      <Filter>02.GameObjects\03.Actor\Monster\05.Boss\Body</Filter>
    </ClCompile>
    <ClCompile Include="..\Private\Camera_Free.cpp">
      <Filter>02.GameObjects\99 Camera\FPV</Filter>
    </ClCompile>
    <ClCompile Include="..\Private\SceneCamera.cpp">
      <Filter>02.GameObjects\99 Camera\SceneCam</Filter>
    </ClCompile>
    <ClCompile Include="..\Private\BossIntroBG.cpp">
      <Filter>02.GameObjects\04.UI\Boss UI\Boss IntroUI</Filter>
    </ClCompile>
    <ClCompile Include="..\Private\BossHP.cpp">
      <Filter>02.GameObjects\04.UI\Boss UI\Boss HP</Filter>
    </ClCompile>
    <ClCompile Include="..\Private\PlayerEffectUI.cpp">
      <Filter>02.GameObjects\04.UI\PlayerUI\State</Filter>
    </ClCompile>
    <ClCompile Include="..\Private\ShootingUI.cpp">
      <Filter>02.GameObjects\04.UI\PlayerUI\Shooting</Filter>
    </ClCompile>
    <ClCompile Include="..\Private\PlayerBullet.cpp">
      <Filter>02.GameObjects\03.Actor\Bullet\Player</Filter>
    </ClCompile>
    <ClCompile Include="..\Private\Bullet.cpp">
      <Filter>02.GameObjects\03.Actor\Bullet\NomalMonster</Filter>
    </ClCompile>
    <ClCompile Include="..\Private\ShootEffect.cpp">
      <Filter>02.GameObjects\05. Effect\Shoot</Filter>
    </ClCompile>
    <ClCompile Include="..\Private\ShockWave.cpp">
      <Filter>02.GameObjects\03.Actor\Bullet\Boss\ShockWave</Filter>
    </ClCompile>
    <ClCompile Include="..\Private\BossBullet_Berrle.cpp">
      <Filter>02.GameObjects\03.Actor\Bullet\Boss\Berrle</Filter>
    </ClCompile>
    <ClCompile Include="..\Private\Shock.cpp">
      <Filter>02.GameObjects\03.Actor\Bullet\Boss\ShockWave</Filter>
    </ClCompile>
    <ClCompile Include="..\Private\BossBullet_Laser.cpp">
      <Filter>02.GameObjects\03.Actor\Bullet\Boss\Laser</Filter>
    </ClCompile>
    <ClCompile Include="..\Private\Particle_Explosion.cpp">
      <Filter>02.GameObjects\05. Effect\Particle</Filter>
    </ClCompile>
    <ClCompile Include="..\Private\BillyBoom.cpp">
      <Filter>02.GameObjects\03.Actor\Monster\05.Boss</Filter>
    </ClCompile>
    <ClCompile Include="..\Private\Fade.cpp">
      <Filter>02.GameObjects\04.UI\Fade</Filter>
    </ClCompile>
    <ClCompile Include="..\Private\JetFly.cpp">
      <Filter>02.GameObjects\03.Actor\Monster\04.JetFly</Filter>
    </ClCompile>
    <ClCompile Include="..\Private\StateNode.cpp">
      <Filter>02.GameObjects\03.Actor\Monster\00.Defult\StateMachine\Node</Filter>
    </ClCompile>
    <ClCompile Include="..\Private\StateMachine.cpp">
      <Filter>02.GameObjects\03.Actor\Monster\00.Defult\StateMachine</Filter>
    </ClCompile>
    <ClCompile Include="..\Private\BoomBot_Attack.cpp">
      <Filter>02.GameObjects\03.Actor\Monster\01.BoomBot\State</Filter>
    </ClCompile>
    <ClCompile Include="..\Private\BoomBot_Idle.cpp">
      <Filter>02.GameObjects\03.Actor\Monster\01.BoomBot\State</Filter>
    </ClCompile>
    <ClCompile Include="..\Private\BoomBot_Move.cpp">
      <Filter>02.GameObjects\03.Actor\Monster\01.BoomBot\State</Filter>
    </ClCompile>
    <ClCompile Include="..\Private\BoomBot_Dead.cpp">
      <Filter>02.GameObjects\03.Actor\Monster\01.BoomBot\State</Filter>
    </ClCompile>
    <ClCompile Include="..\Private\BoomBot_Hit.cpp">
      <Filter>02.GameObjects\03.Actor\Monster\01.BoomBot\State</Filter>
    </ClCompile>
    <ClCompile Include="..\Private\Monster.cpp">
      <Filter>02.GameObjects\03.Actor\Monster\00.Defult</Filter>
    </ClCompile>
    <ClCompile Include="..\Private\MecanoBot_Idle.cpp">
      <Filter>02.GameObjects\03.Actor\Monster\02.MecanoBot\State</Filter>
    </ClCompile>
    <ClCompile Include="..\Private\MecanoBot_Hit.cpp">
      <Filter>02.GameObjects\03.Actor\Monster\02.MecanoBot\State</Filter>
    </ClCompile>
    <ClCompile Include="..\Private\MecanoBot_Dead.cpp">
      <Filter>02.GameObjects\03.Actor\Monster\02.MecanoBot\State</Filter>
    </ClCompile>
    <ClCompile Include="..\Private\MecanoBot_Attack.cpp">
      <Filter>02.GameObjects\03.Actor\Monster\02.MecanoBot\State</Filter>
    </ClCompile>
    <ClCompile Include="..\Private\MecanoBot_Move.cpp">
      <Filter>02.GameObjects\03.Actor\Monster\02.MecanoBot\State</Filter>
    </ClCompile>
    <ClCompile Include="..\Private\GunPawn_Idle.cpp">
      <Filter>02.GameObjects\03.Actor\Monster\03.GunPawn\State</Filter>
    </ClCompile>
    <ClCompile Include="..\Private\GunPawn_Hit.cpp">
      <Filter>02.GameObjects\03.Actor\Monster\03.GunPawn\State</Filter>
    </ClCompile>
    <ClCompile Include="..\Private\GunPawn_Dead.cpp">
      <Filter>02.GameObjects\03.Actor\Monster\03.GunPawn\State</Filter>
    </ClCompile>
    <ClCompile Include="..\Private\GunPawn_Attack.cpp">
      <Filter>02.GameObjects\03.Actor\Monster\03.GunPawn\State</Filter>
    </ClCompile>
    <ClCompile Include="..\Private\GunPawn_Move.cpp">
      <Filter>02.GameObjects\03.Actor\Monster\03.GunPawn\State</Filter>
    </ClCompile>
    <ClCompile Include="..\Private\JetFly_Idle.cpp">
      <Filter>02.GameObjects\03.Actor\Monster\04.JetFly\State</Filter>
    </ClCompile>
    <ClCompile Include="..\Private\JetFly_Hit.cpp">
      <Filter>02.GameObjects\03.Actor\Monster\04.JetFly\State</Filter>
    </ClCompile>
    <ClCompile Include="..\Private\JetFly_Dead.cpp">
      <Filter>02.GameObjects\03.Actor\Monster\04.JetFly\State</Filter>
    </ClCompile>
    <ClCompile Include="..\Private\JetFly_Attack.cpp">
      <Filter>02.GameObjects\03.Actor\Monster\04.JetFly\State</Filter>
    </ClCompile>
    <ClCompile Include="..\Private\JetFly_Move.cpp">
      <Filter>02.GameObjects\03.Actor\Monster\04.JetFly\State</Filter>
    </ClCompile>
    <ClCompile Include="..\Private\BillyBoom_Idle.cpp">
      <Filter>02.GameObjects\03.Actor\Monster\05.Boss\State</Filter>
    </ClCompile>
    <ClCompile Include="..\Private\BillyBoom_Hit.cpp">
      <Filter>02.GameObjects\03.Actor\Monster\05.Boss\State</Filter>
    </ClCompile>
    <ClCompile Include="..\Private\BillyBoom_Dead.cpp">
      <Filter>02.GameObjects\03.Actor\Monster\05.Boss\State</Filter>
    </ClCompile>
    <ClCompile Include="..\Private\BillyBoom_Barre.cpp">
      <Filter>02.GameObjects\03.Actor\Monster\05.Boss\State</Filter>
    </ClCompile>
    <ClCompile Include="..\Private\BillyBoom_Bash.cpp">
      <Filter>02.GameObjects\03.Actor\Monster\05.Boss\State</Filter>
    </ClCompile>
    <ClCompile Include="..\Private\BillyBoom_ShockWave.cpp">
      <Filter>02.GameObjects\03.Actor\Monster\05.Boss\State</Filter>
    </ClCompile>
    <ClCompile Include="..\Private\BillyBoom_Laser.cpp">
      <Filter>02.GameObjects\03.Actor\Monster\05.Boss\State</Filter>
    </ClCompile>
    <ClCompile Include="..\Private\BillyBoom_Intro.cpp">
      <Filter>02.GameObjects\03.Actor\Monster\05.Boss\State</Filter>
    </ClCompile>
    <ClCompile Include="..\Private\BillyBoom_Move.cpp">
      <Filter>02.GameObjects\03.Actor\Monster\05.Boss\State</Filter>
    </ClCompile>
    <ClCompile Include="..\Private\Player_StateMachine.cpp">
      <Filter>02.GameObjects\03.Actor\Player\00.Defult</Filter>
    </ClCompile>
    <ClCompile Include="..\Private\Player_StateNode.cpp">
      <Filter>02.GameObjects\03.Actor\Player\00.Defult\Node</Filter>
    </ClCompile>
    <ClCompile Include="..\Private\Player_Idle.cpp">
      <Filter>02.GameObjects\03.Actor\Player\03.State</Filter>
    </ClCompile>
    <ClCompile Include="..\Private\Player_Swich.cpp">
      <Filter>02.GameObjects\03.Actor\Player\03.State</Filter>
    </ClCompile>
    <ClCompile Include="..\Private\Player_Reload.cpp">
      <Filter>02.GameObjects\03.Actor\Player\03.State</Filter>
    </ClCompile>
    <ClCompile Include="..\Private\Player_Shoot.cpp">
      <Filter>02.GameObjects\03.Actor\Player\03.State</Filter>
    </ClCompile>
    <ClCompile Include="..\Private\Player_Run.cpp">
      <Filter>02.GameObjects\03.Actor\Player\03.State</Filter>
    </ClCompile>
    <ClCompile Include="..\Private\Player_Sprint.cpp">
      <Filter>02.GameObjects\03.Actor\Player\03.State</Filter>
    </ClCompile>
    <ClCompile Include="..\Private\Player_Jump.cpp">
      <Filter>02.GameObjects\03.Actor\Player\03.State</Filter>
    </ClCompile>
    <ClCompile Include="..\Private\Player_Hit.cpp">
      <Filter>02.GameObjects\03.Actor\Player\03.State</Filter>
    </ClCompile>
  </ItemGroup>
  <ItemGroup>
    <Image Include="Client.ico">
      <Filter>98.Default</Filter>
    </Image>
    <Image Include="small.ico">
      <Filter>98.Default</Filter>
    </Image>
  </ItemGroup>
  <ItemGroup>
    <ResourceCompile Include="Client.rc">
      <Filter>98.Default</Filter>
    </ResourceCompile>
  </ItemGroup>
  <ItemGroup>
    <FxCompile Include="..\Bin\ShaderFiles\Shader_VtxPosTex.hlsl">
      <Filter>97.ShaderFiles</Filter>
    </FxCompile>
    <FxCompile Include="..\Bin\ShaderFiles\Shader_VtxNorTex.hlsl">
      <Filter>97.ShaderFiles</Filter>
    </FxCompile>
    <FxCompile Include="..\Bin\ShaderFiles\Shader_VtxMesh.hlsl">
      <Filter>97.ShaderFiles</Filter>
    </FxCompile>
    <FxCompile Include="..\Bin\ShaderFiles\Shader_VtxAnimMesh.hlsl">
      <Filter>97.ShaderFiles</Filter>
    </FxCompile>
    <FxCompile Include="..\Bin\ShaderFiles\Shader_VtxCube.hlsl">
      <Filter>97.ShaderFiles</Filter>
    </FxCompile>
    <FxCompile Include="..\Bin\ShaderFiles\Shader_VtxPosTex_Inverse.hlsl">
      <Filter>97.ShaderFiles</Filter>
    </FxCompile>
    <FxCompile Include="..\Bin\ShaderFiles\Shader_VtxParticlePoint.hlsl">
      <Filter>97.ShaderFiles</Filter>
    </FxCompile>
    <FxCompile Include="..\Bin\ShaderFiles\Shader_VtxPoint.hlsl">
      <Filter>97.ShaderFiles</Filter>
    </FxCompile>
    <FxCompile Include="..\Bin\ShaderFiles\Shader_VtxMeshInstance.hlsl">
      <Filter>97.ShaderFiles</Filter>
    </FxCompile>
  </ItemGroup>
</Project>