<?xml version="1.0" encoding="utf-8"?>
<Project ToolsVersion="4.0" xmlns="http://schemas.microsoft.com/developer/msbuild/2003">
  <ItemGroup>
    <Filter Include="99.Defines">
      <UniqueIdentifier>{1192db2f-af15-4b8f-bc2a-55009419a294}</UniqueIdentifier>
    </Filter>
    <Filter Include="98.Default">
      <UniqueIdentifier>{5f3c6167-6678-4dd1-b7d4-a7cd74d5d329}</UniqueIdentifier>
    </Filter>
    <Filter Include="00.MainApp">
      <UniqueIdentifier>{9fcd2b2f-c177-4938-a9ae-6cb0e410d687}</UniqueIdentifier>
    </Filter>
    <Filter Include="01.Level">
      <UniqueIdentifier>{28f0acbd-42fd-4143-9535-87a4e3d3edcb}</UniqueIdentifier>
    </Filter>
    <Filter Include="01.Level\01.GamePlay">
      <UniqueIdentifier>{f6902ec4-45df-4143-957f-768b715aa613}</UniqueIdentifier>
    </Filter>
    <Filter Include="01.Level\99.Loading">
      <UniqueIdentifier>{0c0144a0-ecc7-460d-9b86-45cf5bfc9172}</UniqueIdentifier>
    </Filter>
    <Filter Include="01.Level\99.Loading\Loader">
      <UniqueIdentifier>{2566a58c-589b-4c41-aebc-e3345774aa11}</UniqueIdentifier>
    </Filter>
    <Filter Include="02.GameObjects">
      <UniqueIdentifier>{7d80b7f9-c12b-4fea-8a94-2eb26b8c0bd6}</UniqueIdentifier>
    </Filter>
    <Filter Include="97.ShaderFiles">
      <UniqueIdentifier>{e55fed78-457b-41b3-ab8f-bd256190d1a0}</UniqueIdentifier>
    </Filter>
    <Filter Include="02.GameObjects\UI">
      <UniqueIdentifier>{40454579-50bf-4be3-b1f3-b0a8ea89e72c}</UniqueIdentifier>
    </Filter>
    <Filter Include="02.GameObjects\UI\Loading">
      <UniqueIdentifier>{5940d87c-4ea6-4528-8e51-5e6814765deb}</UniqueIdentifier>
    </Filter>
    <Filter Include="02.GameObjects\UI\PlayerUI">
      <UniqueIdentifier>{d347b102-99ba-45c5-a2ce-234a9a58e045}</UniqueIdentifier>
    </Filter>
    <Filter Include="01.Level\00.Menu">
      <UniqueIdentifier>{8a7da72e-fbb7-4e2e-aa42-5a75bdf86a17}</UniqueIdentifier>
    </Filter>
    <Filter Include="02.GameObjects\UI\Menu">
      <UniqueIdentifier>{e0565434-56fa-4b7c-b7c6-c109cad6c642}</UniqueIdentifier>
    </Filter>
    <Filter Include="02.GameObjects\99 Camera">
      <UniqueIdentifier>{49bfa067-1c64-4e64-988c-41758848ab25}</UniqueIdentifier>
    </Filter>
    <Filter Include="02.GameObjects\UI\Cursor">
      <UniqueIdentifier>{c7717531-c94b-4f53-b4e1-c89c77310c34}</UniqueIdentifier>
    </Filter>
    <Filter Include="02.GameObjects\01. Map">
      <UniqueIdentifier>{edefdc45-33f8-443a-878c-12c517405296}</UniqueIdentifier>
    </Filter>
    <Filter Include="02.GameObjects\01. Map\Terrain">
      <UniqueIdentifier>{cefd18b7-2999-4443-8a8d-5bca001e1fa4}</UniqueIdentifier>
    </Filter>
    <Filter Include="02.GameObjects\01. Map\AniObj">
      <UniqueIdentifier>{1f1c455e-f6b9-4f7d-b441-86a755e1473a}</UniqueIdentifier>
    </Filter>
    <Filter Include="02.GameObjects\01. Map\NonAniObj">
      <UniqueIdentifier>{00781e9e-f8ba-4706-944e-30dd2001195b}</UniqueIdentifier>
    </Filter>
    <Filter Include="02.GameObjects\01. Map\Wall">
      <UniqueIdentifier>{904b1528-598e-4fce-a3fa-446eafa2204b}</UniqueIdentifier>
    </Filter>
  </ItemGroup>
  <ItemGroup>
    <Text Include="ReadMe.txt" />
  </ItemGroup>
  <ItemGroup>
    <ClInclude Include="Client.h">
      <Filter>98.Default</Filter>
    </ClInclude>
    <ClInclude Include="Resource.h">
      <Filter>98.Default</Filter>
    </ClInclude>
    <ClInclude Include="stdafx.h">
      <Filter>98.Default</Filter>
    </ClInclude>
    <ClInclude Include="targetver.h">
      <Filter>98.Default</Filter>
    </ClInclude>
    <ClInclude Include="..\public\MainApp.h">
      <Filter>00.MainApp</Filter>
    </ClInclude>
    <ClInclude Include="..\Public\Client_Defines.h">
      <Filter>99.Defines</Filter>
    </ClInclude>
    <ClInclude Include="..\Public\Level_Stage1.h">
      <Filter>01.Level\01.GamePlay</Filter>
    </ClInclude>
    <ClInclude Include="..\Public\Level_Loading.h">
      <Filter>01.Level\99.Loading</Filter>
    </ClInclude>
    <ClInclude Include="..\Public\Level_Menu.h">
      <Filter>01.Level\00.Menu</Filter>
    </ClInclude>
    <ClInclude Include="..\Public\Menu.h">
      <Filter>02.GameObjects\UI\Menu</Filter>
    </ClInclude>
    <ClInclude Include="..\Public\Loader.h">
      <Filter>01.Level\99.Loading\Loader</Filter>
    </ClInclude>
    <ClInclude Include="..\Public\Loading.h">
      <Filter>02.GameObjects\UI\Loading</Filter>
    </ClInclude>
    <ClInclude Include="..\Public\PlayerUI.h">
      <Filter>02.GameObjects\UI\PlayerUI</Filter>
    </ClInclude>
    <ClInclude Include="..\Public\Camera_Free.h">
      <Filter>02.GameObjects\99 Camera</Filter>
    </ClInclude>
    <ClInclude Include="..\Public\Cursor.h">
      <Filter>02.GameObjects\UI\Cursor</Filter>
    </ClInclude>
    <ClInclude Include="..\Public\Terrain.h">
      <Filter>02.GameObjects\01. Map\Terrain</Filter>
    </ClInclude>
    <ClInclude Include="..\Public\DOOR.h">
      <Filter>02.GameObjects\01. Map\AniObj</Filter>
    </ClInclude>
    <ClInclude Include="..\Public\Wall.h">
      <Filter>02.GameObjects\01. Map\Wall</Filter>
    </ClInclude>
    <ClInclude Include="..\Public\NonAniObj.h">
      <Filter>02.GameObjects\01. Map\NonAniObj</Filter>
    </ClInclude>
    <ClInclude Include="..\Public\CHEST.h">
      <Filter>02.GameObjects\01. Map\AniObj</Filter>
    </ClInclude>
  </ItemGroup>
  <ItemGroup>
    <ClCompile Include="Client.cpp">
      <Filter>98.Default</Filter>
    </ClCompile>
    <ClCompile Include="stdafx.cpp">
      <Filter>98.Default</Filter>
    </ClCompile>
    <ClCompile Include="..\private\MainApp.cpp">
      <Filter>00.MainApp</Filter>
    </ClCompile>
    <ClCompile Include="..\Private\Level_Stage1.cpp">
      <Filter>01.Level\01.GamePlay</Filter>
    </ClCompile>
    <ClCompile Include="..\Private\Level_Loading.cpp">
      <Filter>01.Level\99.Loading</Filter>
    </ClCompile>
    <ClCompile Include="..\Private\Level_Menu.cpp">
      <Filter>01.Level\00.Menu</Filter>
    </ClCompile>
    <ClCompile Include="..\Private\Loader.cpp">
      <Filter>01.Level\99.Loading\Loader</Filter>
    </ClCompile>
    <ClCompile Include="..\Private\Menu.cpp">
      <Filter>02.GameObjects\UI\Menu</Filter>
    </ClCompile>
    <ClCompile Include="..\Private\Loading.cpp">
      <Filter>02.GameObjects\UI\Loading</Filter>
    </ClCompile>
    <ClCompile Include="..\Private\PlayerUI.cpp">
      <Filter>02.GameObjects\UI\PlayerUI</Filter>
    </ClCompile>
    <ClCompile Include="..\Private\Camera_Free.cpp">
      <Filter>02.GameObjects\99 Camera</Filter>
    </ClCompile>
    <ClCompile Include="..\Private\Cursor.cpp">
      <Filter>02.GameObjects\UI\Cursor</Filter>
    </ClCompile>
    <ClCompile Include="..\Private\Terrain.cpp">
      <Filter>02.GameObjects\01. Map\Terrain</Filter>
    </ClCompile>
    <ClCompile Include="..\Private\NonAniObj.cpp">
      <Filter>02.GameObjects\01. Map\NonAniObj</Filter>
    </ClCompile>
    <ClCompile Include="..\Private\Wall.cpp">
      <Filter>02.GameObjects\01. Map\Wall</Filter>
    </ClCompile>
    <ClCompile Include="..\Private\DOOR.cpp">
      <Filter>02.GameObjects\01. Map\AniObj</Filter>
    </ClCompile>
    <ClCompile Include="..\Private\CHEST.cpp">
      <Filter>02.GameObjects\01. Map\AniObj</Filter>
    </ClCompile>
  </ItemGroup>
  <ItemGroup>
    <Image Include="Client.ico">
      <Filter>98.Default</Filter>
    </Image>
    <Image Include="small.ico">
      <Filter>98.Default</Filter>
    </Image>
  </ItemGroup>
  <ItemGroup>
    <ResourceCompile Include="Client.rc">
      <Filter>98.Default</Filter>
    </ResourceCompile>
  </ItemGroup>
  <ItemGroup>
    <FxCompile Include="..\Bin\ShaderFiles\Shader_VtxPosTex.hlsl">
      <Filter>97.ShaderFiles</Filter>
    </FxCompile>
    <FxCompile Include="..\Bin\ShaderFiles\Shader_VtxNorTex.hlsl">
      <Filter>97.ShaderFiles</Filter>
    </FxCompile>
    <FxCompile Include="..\Bin\ShaderFiles\Shader_VtxMesh.hlsl">
      <Filter>97.ShaderFiles</Filter>
    </FxCompile>
    <FxCompile Include="..\Bin\ShaderFiles\Shader_VtxAnimMesh.hlsl">
      <Filter>97.ShaderFiles</Filter>
    </FxCompile>
  </ItemGroup>
</Project>